
Microsoft Visual Studio Solution File, Format Version 12.00
# Visual Studio 15
VisualStudioVersion = 15.0.28307.1705
MinimumVisualStudioVersion = 10.0.40219.1
Project("{159641D6-6404-4A2A-AE62-294DE0FE8301}") = "BikeZ", "BikeZ\BikeZ.dtproj", "{38DCB442-B7A9-4703-AC3F-9075C5E8C34A}"
EndProject
Global
	GlobalSection(SolutionConfigurationPlatforms) = preSolution
		Development|Default = Development|Default
	EndGlobalSection
	GlobalSection(ProjectConfigurationPlatforms) = postSolution
		{38DCB442-B7A9-4703-AC3F-9075C5E8C34A}.Development|Default.ActiveCfg = Development
		{38DCB442-B7A9-4703-AC3F-9075C5E8C34A}.Development|Default.Build.0 = Development
	EndGlobalSection
	GlobalSection(SolutionProperties) = preSolution
		HideSolutionNode = FALSE
	EndGlobalSection
	GlobalSection(ExtensibilityGlobals) = postSolution
		SolutionGuid = {25F088D3-7890-4ED8-A11B-449CE1D85C51}
	EndGlobalSection
EndGlobal
